
Microsoft Visual Studio Solution File, Format Version 12.00
# Visual Studio Version 17
VisualStudioVersion = 17.0.31903.59
MinimumVisualStudioVersion = 10.0.40219.1
Project("{FAE04EC0-301F-11D3-BF4B-00C04F79EFBC}") = "MovieFan", "MovieFan\MovieFan.csproj", "{3472F670-01F0-4982-B946-A657669F3256}"
EndProject
Global
	GlobalSection(SolutionConfigurationPlatforms) = preSolution
		Debug|Any CPU = Debug|Any CPU
		Release|Any CPU = Release|Any CPU
	EndGlobalSection
	GlobalSection(ProjectConfigurationPlatforms) = postSolution
		{3472F670-01F0-4982-B946-A657669F3256}.Debug|Any CPU.ActiveCfg = Debug|Any CPU
		{3472F670-01F0-4982-B946-A657669F3256}.Debug|Any CPU.Build.0 = Debug|Any CPU
		{3472F670-01F0-4982-B946-A657669F3256}.Release|Any CPU.ActiveCfg = Release|Any CPU
		{3472F670-01F0-4982-B946-A657669F3256}.Release|Any CPU.Build.0 = Release|Any CPU
	EndGlobalSection
	GlobalSection(SolutionProperties) = preSolution
		HideSolutionNode = FALSE
	EndGlobalSection
	GlobalSection(ExtensibilityGlobals) = postSolution
		SolutionGuid = {B7D3E782-8361-46A7-9871-6D3975E3EDBA}
	EndGlobalSection
EndGlobal
